// !$*UTF8*$!
{
	archiveVersion = 1;
	classes = {
	};
	objectVersion = 50;
	objects = {

/* Begin PBXBuildFile section */
		ABC5C424216FEE2900AEF544 /* AppDelegate.swift in Sources */ = {isa = PBXBuildFile; fileRef = ABC5C423216FEE2900AEF544 /* AppDelegate.swift */; };
		ABC5C426216FEE2900AEF544 /* ViewController.swift in Sources */ = {isa = PBXBuildFile; fileRef = ABC5C425216FEE2900AEF544 /* ViewController.swift */; };
		ABC5C429216FEE2900AEF544 /* Main.storyboard in Resources */ = {isa = PBXBuildFile; fileRef = ABC5C427216FEE2900AEF544 /* Main.storyboard */; };
		ABC5C42B216FEE2A00AEF544 /* Assets.xcassets in Resources */ = {isa = PBXBuildFile; fileRef = ABC5C42A216FEE2A00AEF544 /* Assets.xcassets */; };
		ABC5C42E216FEE2A00AEF544 /* LaunchScreen.storyboard in Resources */ = {isa = PBXBuildFile; fileRef = ABC5C42C216FEE2A00AEF544 /* LaunchScreen.storyboard */; };
		ABC5C439216FEE2B00AEF544 /* Three_PhotosTests.swift in Sources */ = {isa = PBXBuildFile; fileRef = ABC5C438216FEE2B00AEF544 /* Three_PhotosTests.swift */; };
		ABC5C444216FEE2B00AEF544 /* Three_PhotosUITests.swift in Sources */ = {isa = PBXBuildFile; fileRef = ABC5C443216FEE2B00AEF544 /* Three_PhotosUITests.swift */; };
/* End PBXBuildFile section */

/* Begin PBXContainerItemProxy section */
		ABC5C435216FEE2B00AEF544 /* PBXContainerItemProxy */ = {
			isa = PBXContainerItemProxy;
			containerPortal = ABC5C418216FEE2900AEF544 /* Project object */;
			proxyType = 1;
			remoteGlobalIDString = ABC5C41F216FEE2900AEF544;
			remoteInfo = "Three Photos";
		};
		ABC5C440216FEE2B00AEF544 /* PBXContainerItemProxy */ = {
			isa = PBXContainerItemProxy;
			containerPortal = ABC5C418216FEE2900AEF544 /* Project object */;
			proxyType = 1;
			remoteGlobalIDString = ABC5C41F216FEE2900AEF544;
			remoteInfo = "Three Photos";
		};
/* End PBXContainerItemProxy section */

/* Begin PBXFileReference section */
		ABC5C420216FEE2900AEF544 /* Three Photos.app */ = {isa = PBXFileReference; explicitFileType = wrapper.application; includeInIndex = 0; path = "Three Photos.app"; sourceTree = BUILT_PRODUCTS_DIR; };
		ABC5C423216FEE2900AEF544 /* AppDelegate.swift */ = {isa = PBXFileReference; lastKnownFileType = sourcecode.swift; path = AppDelegate.swift; sourceTree = "<group>"; };
		ABC5C425216FEE2900AEF544 /* ViewController.swift */ = {isa = PBXFileReference; lastKnownFileType = sourcecode.swift; path = ViewController.swift; sourceTree = "<group>"; };
		ABC5C428216FEE2900AEF544 /* Base */ = {isa = PBXFileReference; lastKnownFileType = file.storyboard; name = Base; path = Base.lproj/Main.storyboard; sourceTree = "<group>"; };
		ABC5C42A216FEE2A00AEF544 /* Assets.xcassets */ = {isa = PBXFileReference; lastKnownFileType = folder.assetcatalog; path = Assets.xcassets; sourceTree = "<group>"; };
		ABC5C42D216FEE2A00AEF544 /* Base */ = {isa = PBXFileReference; lastKnownFileType = file.storyboard; name = Base; path = Base.lproj/LaunchScreen.storyboard; sourceTree = "<group>"; };
		ABC5C42F216FEE2A00AEF544 /* Info.plist */ = {isa = PBXFileReference; lastKnownFileType = text.plist.xml; path = Info.plist; sourceTree = "<group>"; };
		ABC5C434216FEE2B00AEF544 /* Three PhotosTests.xctest */ = {isa = PBXFileReference; explicitFileType = wrapper.cfbundle; includeInIndex = 0; path = "Three PhotosTests.xctest"; sourceTree = BUILT_PRODUCTS_DIR; };
		ABC5C438216FEE2B00AEF544 /* Three_PhotosTests.swift */ = {isa = PBXFileReference; lastKnownFileType = sourcecode.swift; path = Three_PhotosTests.swift; sourceTree = "<group>"; };
		ABC5C43A216FEE2B00AEF544 /* Info.plist */ = {isa = PBXFileReference; lastKnownFileType = text.plist.xml; path = Info.plist; sourceTree = "<group>"; };
		ABC5C43F216FEE2B00AEF544 /* Three PhotosUITests.xctest */ = {isa = PBXFileReference; explicitFileType = wrapper.cfbundle; includeInIndex = 0; path = "Three PhotosUITests.xctest"; sourceTree = BUILT_PRODUCTS_DIR; };
		ABC5C443216FEE2B00AEF544 /* Three_PhotosUITests.swift */ = {isa = PBXFileReference; lastKnownFileType = sourcecode.swift; path = Three_PhotosUITests.swift; sourceTree = "<group>"; };
		ABC5C445216FEE2B00AEF544 /* Info.plist */ = {isa = PBXFileReference; lastKnownFileType = text.plist.xml; path = Info.plist; sourceTree = "<group>"; };
/* End PBXFileReference section */

/* Begin PBXFrameworksBuildPhase section */
		ABC5C41D216FEE2900AEF544 /* Frameworks */ = {
			isa = PBXFrameworksBuildPhase;
			buildActionMask = 2147483647;
			files = (
			);
			runOnlyForDeploymentPostprocessing = 0;
		};
		ABC5C431216FEE2B00AEF544 /* Frameworks */ = {
			isa = PBXFrameworksBuildPhase;
			buildActionMask = 2147483647;
			files = (
			);
			runOnlyForDeploymentPostprocessing = 0;
		};
		ABC5C43C216FEE2B00AEF544 /* Frameworks */ = {
			isa = PBXFrameworksBuildPhase;
			buildActionMask = 2147483647;
			files = (
			);
			runOnlyForDeploymentPostprocessing = 0;
		};
/* End PBXFrameworksBuildPhase section */

/* Begin PBXGroup section */
		ABC5C417216FEE2900AEF544 = {
			isa = PBXGroup;
			children = (
				ABC5C422216FEE2900AEF544 /* Three Photos */,
				ABC5C437216FEE2B00AEF544 /* Three PhotosTests */,
				ABC5C442216FEE2B00AEF544 /* Three PhotosUITests */,
				ABC5C421216FEE2900AEF544 /* Products */,
			);
			sourceTree = "<group>";
		};
		ABC5C421216FEE2900AEF544 /* Products */ = {
			isa = PBXGroup;
			children = (
				ABC5C420216FEE2900AEF544 /* Three Photos.app */,
				ABC5C434216FEE2B00AEF544 /* Three PhotosTests.xctest */,
				ABC5C43F216FEE2B00AEF544 /* Three PhotosUITests.xctest */,
			);
			name = Products;
			sourceTree = "<group>";
		};
		ABC5C422216FEE2900AEF544 /* Three Photos */ = {
			isa = PBXGroup;
			children = (
				ABC5C423216FEE2900AEF544 /* AppDelegate.swift */,
				ABC5C425216FEE2900AEF544 /* ViewController.swift */,
				ABC5C427216FEE2900AEF544 /* Main.storyboard */,
				ABC5C42A216FEE2A00AEF544 /* Assets.xcassets */,
				ABC5C42C216FEE2A00AEF544 /* LaunchScreen.storyboard */,
				ABC5C42F216FEE2A00AEF544 /* Info.plist */,
			);
			path = "Three Photos";
			sourceTree = "<group>";
		};
		ABC5C437216FEE2B00AEF544 /* Three PhotosTests */ = {
			isa = PBXGroup;
			children = (
				ABC5C438216FEE2B00AEF544 /* Three_PhotosTests.swift */,
				ABC5C43A216FEE2B00AEF544 /* Info.plist */,
			);
			path = "Three PhotosTests";
			sourceTree = "<group>";
		};
		ABC5C442216FEE2B00AEF544 /* Three PhotosUITests */ = {
			isa = PBXGroup;
			children = (
				ABC5C443216FEE2B00AEF544 /* Three_PhotosUITests.swift */,
				ABC5C445216FEE2B00AEF544 /* Info.plist */,
			);
			path = "Three PhotosUITests";
			sourceTree = "<group>";
		};
/* End PBXGroup section */

/* Begin PBXNativeTarget section */
		ABC5C41F216FEE2900AEF544 /* Three Photos */ = {
			isa = PBXNativeTarget;
			buildConfigurationList = ABC5C448216FEE2B00AEF544 /* Build configuration list for PBXNativeTarget "Three Photos" */;
			buildPhases = (
				ABC5C41C216FEE2900AEF544 /* Sources */,
				ABC5C41D216FEE2900AEF544 /* Frameworks */,
				ABC5C41E216FEE2900AEF544 /* Resources */,
			);
			buildRules = (
			);
			dependencies = (
			);
			name = "Three Photos";
			productName = "Three Photos";
			productReference = ABC5C420216FEE2900AEF544 /* Three Photos.app */;
			productType = "com.apple.product-type.application";
		};
		ABC5C433216FEE2B00AEF544 /* Three PhotosTests */ = {
			isa = PBXNativeTarget;
			buildConfigurationList = ABC5C44B216FEE2B00AEF544 /* Build configuration list for PBXNativeTarget "Three PhotosTests" */;
			buildPhases = (
				ABC5C430216FEE2B00AEF544 /* Sources */,
				ABC5C431216FEE2B00AEF544 /* Frameworks */,
				ABC5C432216FEE2B00AEF544 /* Resources */,
			);
			buildRules = (
			);
			dependencies = (
				ABC5C436216FEE2B00AEF544 /* PBXTargetDependency */,
			);
			name = "Three PhotosTests";
			productName = "Three PhotosTests";
			productReference = ABC5C434216FEE2B00AEF544 /* Three PhotosTests.xctest */;
			productType = "com.apple.product-type.bundle.unit-test";
		};
		ABC5C43E216FEE2B00AEF544 /* Three PhotosUITests */ = {
			isa = PBXNativeTarget;
			buildConfigurationList = ABC5C44E216FEE2B00AEF544 /* Build configuration list for PBXNativeTarget "Three PhotosUITests" */;
			buildPhases = (
				ABC5C43B216FEE2B00AEF544 /* Sources */,
				ABC5C43C216FEE2B00AEF544 /* Frameworks */,
				ABC5C43D216FEE2B00AEF544 /* Resources */,
			);
			buildRules = (
			);
			dependencies = (
				ABC5C441216FEE2B00AEF544 /* PBXTargetDependency */,
			);
			name = "Three PhotosUITests";
			productName = "Three PhotosUITests";
			productReference = ABC5C43F216FEE2B00AEF544 /* Three PhotosUITests.xctest */;
			productType = "com.apple.product-type.bundle.ui-testing";
		};
/* End PBXNativeTarget section */

/* Begin PBXProject section */
		ABC5C418216FEE2900AEF544 /* Project object */ = {
			isa = PBXProject;
			attributes = {
				LastSwiftUpdateCheck = 0940;
				LastUpgradeCheck = 0940;
				ORGANIZATIONNAME = "Brandon Gonzalez";
				TargetAttributes = {
					ABC5C41F216FEE2900AEF544 = {
						CreatedOnToolsVersion = 9.4.1;
					};
					ABC5C433216FEE2B00AEF544 = {
						CreatedOnToolsVersion = 9.4.1;
						TestTargetID = ABC5C41F216FEE2900AEF544;
					};
					ABC5C43E216FEE2B00AEF544 = {
						CreatedOnToolsVersion = 9.4.1;
						TestTargetID = ABC5C41F216FEE2900AEF544;
					};
				};
			};
			buildConfigurationList = ABC5C41B216FEE2900AEF544 /* Build configuration list for PBXProject "Three Photos" */;
			compatibilityVersion = "Xcode 9.3";
			developmentRegion = en;
			hasScannedForEncodings = 0;
			knownRegions = (
				en,
				Base,
			);
			mainGroup = ABC5C417216FEE2900AEF544;
			productRefGroup = ABC5C421216FEE2900AEF544 /* Products */;
			projectDirPath = "";
			projectRoot = "";
			targets = (
				ABC5C41F216FEE2900AEF544 /* Three Photos */,
				ABC5C433216FEE2B00AEF544 /* Three PhotosTests */,
				ABC5C43E216FEE2B00AEF544 /* Three PhotosUITests */,
			);
		};
/* End PBXProject section */

/* Begin PBXResourcesBuildPhase section */
		ABC5C41E216FEE2900AEF544 /* Resources */ = {
			isa = PBXResourcesBuildPhase;
			buildActionMask = 2147483647;
			files = (
				ABC5C42E216FEE2A00AEF544 /* LaunchScreen.storyboard in Resources */,
				ABC5C42B216FEE2A00AEF544 /* Assets.xcassets in Resources */,
				ABC5C429216FEE2900AEF544 /* Main.storyboard in Resources */,
			);
			runOnlyForDeploymentPostprocessing = 0;
		};
		ABC5C432216FEE2B00AEF544 /* Resources */ = {
			isa = PBXResourcesBuildPhase;
			buildActionMask = 2147483647;
			files = (
			);
			runOnlyForDeploymentPostprocessing = 0;
		};
		ABC5C43D216FEE2B00AEF544 /* Resources */ = {
			isa = PBXResourcesBuildPhase;
			buildActionMask = 2147483647;
			files = (
			);
			runOnlyForDeploymentPostprocessing = 0;
		};
/* End PBXResourcesBuildPhase section */

/* Begin PBXSourcesBuildPhase section */
		ABC5C41C216FEE2900AEF544 /* Sources */ = {
			isa = PBXSourcesBuildPhase;
			buildActionMask = 2147483647;
			files = (
				ABC5C426216FEE2900AEF544 /* ViewController.swift in Sources */,
				ABC5C424216FEE2900AEF544 /* AppDelegate.swift in Sources */,
			);
			runOnlyForDeploymentPostprocessing = 0;
		};
		ABC5C430216FEE2B00AEF544 /* Sources */ = {
			isa = PBXSourcesBuildPhase;
			buildActionMask = 2147483647;
			files = (
				ABC5C439216FEE2B00AEF544 /* Three_PhotosTests.swift in Sources */,
			);
			runOnlyForDeploymentPostprocessing = 0;
		};
		ABC5C43B216FEE2B00AEF544 /* Sources */ = {
			isa = PBXSourcesBuildPhase;
			buildActionMask = 2147483647;
			files = (
				ABC5C444216FEE2B00AEF544 /* Three_PhotosUITests.swift in Sources */,
			);
			runOnlyForDeploymentPostprocessing = 0;
		};
/* End PBXSourcesBuildPhase section */

/* Begin PBXTargetDependency section */
		ABC5C436216FEE2B00AEF544 /* PBXTargetDependency */ = {
			isa = PBXTargetDependency;
			target = ABC5C41F216FEE2900AEF544 /* Three Photos */;
			targetProxy = ABC5C435216FEE2B00AEF544 /* PBXContainerItemProxy */;
		};
		ABC5C441216FEE2B00AEF544 /* PBXTargetDependency */ = {
			isa = PBXTargetDependency;
			target = ABC5C41F216FEE2900AEF544 /* Three Photos */;
			targetProxy = ABC5C440216FEE2B00AEF544 /* PBXContainerItemProxy */;
		};
/* End PBXTargetDependency section */

/* Begin PBXVariantGroup section */
		ABC5C427216FEE2900AEF544 /* Main.storyboard */ = {
			isa = PBXVariantGroup;
			children = (
				ABC5C428216FEE2900AEF544 /* Base */,
			);
			name = Main.storyboard;
			sourceTree = "<group>";
		};
		ABC5C42C216FEE2A00AEF544 /* LaunchScreen.storyboard */ = {
			isa = PBXVariantGroup;
			children = (
				ABC5C42D216FEE2A00AEF544 /* Base */,
			);
			name = LaunchScreen.storyboard;
			sourceTree = "<group>";
		};
/* End PBXVariantGroup section */

/* Begin XCBuildConfiguration section */
		ABC5C446216FEE2B00AEF544 /* Debug */ = {
			isa = XCBuildConfiguration;
			buildSettings = {
				ALWAYS_SEARCH_USER_PATHS = NO;
				CLANG_ANALYZER_NONNULL = YES;
				CLANG_ANALYZER_NUMBER_OBJECT_CONVERSION = YES_AGGRESSIVE;
				CLANG_CXX_LANGUAGE_STANDARD = "gnu++14";
				CLANG_CXX_LIBRARY = "libc++";
				CLANG_ENABLE_MODULES = YES;
				CLANG_ENABLE_OBJC_ARC = YES;
				CLANG_ENABLE_OBJC_WEAK = YES;
				CLANG_WARN_BLOCK_CAPTURE_AUTORELEASING = YES;
				CLANG_WARN_BOOL_CONVERSION = YES;
				CLANG_WARN_COMMA = YES;
				CLANG_WARN_CONSTANT_CONVERSION = YES;
				CLANG_WARN_DEPRECATED_OBJC_IMPLEMENTATIONS = YES;
				CLANG_WARN_DIRECT_OBJC_ISA_USAGE = YES_ERROR;
				CLANG_WARN_DOCUMENTATION_COMMENTS = YES;
				CLANG_WARN_EMPTY_BODY = YES;
				CLANG_WARN_ENUM_CONVERSION = YES;
				CLANG_WARN_INFINITE_RECURSION = YES;
				CLANG_WARN_INT_CONVERSION = YES;
				CLANG_WARN_NON_LITERAL_NULL_CONVERSION = YES;
				CLANG_WARN_OBJC_IMPLICIT_RETAIN_SELF = YES;
				CLANG_WARN_OBJC_LITERAL_CONVERSION = YES;
				CLANG_WARN_OBJC_ROOT_CLASS = YES_ERROR;
				CLANG_WARN_RANGE_LOOP_ANALYSIS = YES;
				CLANG_WARN_STRICT_PROTOTYPES = YES;
				CLANG_WARN_SUSPICIOUS_MOVE = YES;
				CLANG_WARN_UNGUARDED_AVAILABILITY = YES_AGGRESSIVE;
				CLANG_WARN_UNREACHABLE_CODE = YES;
				CLANG_WARN__DUPLICATE_METHOD_MATCH = YES;
				CODE_SIGN_IDENTITY = "iPhone Developer";
				COPY_PHASE_STRIP = NO;
				DEBUG_INFORMATION_FORMAT = dwarf;
				ENABLE_STRICT_OBJC_MSGSEND = YES;
				ENABLE_TESTABILITY = YES;
				GCC_C_LANGUAGE_STANDARD = gnu11;
				GCC_DYNAMIC_NO_PIC = NO;
				GCC_NO_COMMON_BLOCKS = YES;
				GCC_OPTIMIZATION_LEVEL = 0;
				GCC_PREPROCESSOR_DEFINITIONS = (
					"DEBUG=1",
					"$(inherited)",
				);
				GCC_WARN_64_TO_32_BIT_CONVERSION = YES;
				GCC_WARN_ABOUT_RETURN_TYPE = YES_ERROR;
				GCC_WARN_UNDECLARED_SELECTOR = YES;
				GCC_WARN_UNINITIALIZED_AUTOS = YES_AGGRESSIVE;
				GCC_WARN_UNUSED_FUNCTION = YES;
				GCC_WARN_UNUSED_VARIABLE = YES;
				IPHONEOS_DEPLOYMENT_TARGET = 11.4;
				MTL_ENABLE_DEBUG_INFO = YES;
				ONLY_ACTIVE_ARCH = YES;
				SDKROOT = iphoneos;
				SWIFT_ACTIVE_COMPILATION_CONDITIONS = DEBUG;
				SWIFT_OPTIMIZATION_LEVEL = "-Onone";
			};
			name = Debug;
		};
		ABC5C447216FEE2B00AEF544 /* Release */ = {
			isa = XCBuildConfiguration;
			buildSettings = {
				ALWAYS_SEARCH_USER_PATHS = NO;
				CLANG_ANALYZER_NONNULL = YES;
				CLANG_ANALYZER_NUMBER_OBJECT_CONVERSION = YES_AGGRESSIVE;
				CLANG_CXX_LANGUAGE_STANDARD = "gnu++14";
				CLANG_CXX_LIBRARY = "libc++";
				CLANG_ENABLE_MODULES = YES;
				CLANG_ENABLE_OBJC_ARC = YES;
				CLANG_ENABLE_OBJC_WEAK = YES;
				CLANG_WARN_BLOCK_CAPTURE_AUTORELEASING = YES;
				CLANG_WARN_BOOL_CONVERSION = YES;
				CLANG_WARN_COMMA = YES;
				CLANG_WARN_CONSTANT_CONVERSION = YES;
				CLANG_WARN_DEPRECATED_OBJC_IMPLEMENTATIONS = YES;
				CLANG_WARN_DIRECT_OBJC_ISA_USAGE = YES_ERROR;
				CLANG_WARN_DOCUMENTATION_COMMENTS = YES;
				CLANG_WARN_EMPTY_BODY = YES;
				CLANG_WARN_ENUM_CONVERSION = YES;
				CLANG_WARN_INFINITE_RECURSION = YES;
				CLANG_WARN_INT_CONVERSION = YES;
				CLANG_WARN_NON_LITERAL_NULL_CONVERSION = YES;
				CLANG_WARN_OBJC_IMPLICIT_RETAIN_SELF = YES;
				CLANG_WARN_OBJC_LITERAL_CONVERSION = YES;
				CLANG_WARN_OBJC_ROOT_CLASS = YES_ERROR;
				CLANG_WARN_RANGE_LOOP_ANALYSIS = YES;
				CLANG_WARN_STRICT_PROTOTYPES = YES;
				CLANG_WARN_SUSPICIOUS_MOVE = YES;
				CLANG_WARN_UNGUARDED_AVAILABILITY = YES_AGGRESSIVE;
				CLANG_WARN_UNREACHABLE_CODE = YES;
				CLANG_WARN__DUPLICATE_METHOD_MATCH = YES;
				CODE_SIGN_IDENTITY = "iPhone Developer";
				COPY_PHASE_STRIP = NO;
				DEBUG_INFORMATION_FORMAT = "dwarf-with-dsym";
				ENABLE_NS_ASSERTIONS = NO;
				ENABLE_STRICT_OBJC_MSGSEND = YES;
				GCC_C_LANGUAGE_STANDARD = gnu11;
				GCC_NO_COMMON_BLOCKS = YES;
				GCC_WARN_64_TO_32_BIT_CONVERSION = YES;
				GCC_WARN_ABOUT_RETURN_TYPE = YES_ERROR;
				GCC_WARN_UNDECLARED_SELECTOR = YES;
				GCC_WARN_UNINITIALIZED_AUTOS = YES_AGGRESSIVE;
				GCC_WARN_UNUSED_FUNCTION = YES;
				GCC_WARN_UNUSED_VARIABLE = YES;
				IPHONEOS_DEPLOYMENT_TARGET = 11.4;
				MTL_ENABLE_DEBUG_INFO = NO;
				SDKROOT = iphoneos;
				SWIFT_COMPILATION_MODE = wholemodule;
				SWIFT_OPTIMIZATION_LEVEL = "-O";
				VALIDATE_PRODUCT = YES;
			};
			name = Release;
		};
		ABC5C449216FEE2B00AEF544 /* Debug */ = {
			isa = XCBuildConfiguration;
			buildSettings = {
				ASSETCATALOG_COMPILER_APPICON_NAME = AppIcon;
				CODE_SIGN_STYLE = Automatic;
				INFOPLIST_FILE = "Three Photos/Info.plist";
				LD_RUNPATH_SEARCH_PATHS = (
					"$(inherited)",
					"@executable_path/Frameworks",
				);
				PRODUCT_BUNDLE_IDENTIFIER = "com.example.Three-Photos";
				PRODUCT_NAME = "$(TARGET_NAME)";
				SWIFT_VERSION = 4.0;
				TARGETED_DEVICE_FAMILY = "1,2";
			};
			name = Debug;
		};
		ABC5C44A216FEE2B00AEF544 /* Release */ = {
			isa = XCBuildConfiguration;
			buildSettings = {
				ASSETCATALOG_COMPILER_APPICON_NAME = AppIcon;
				CODE_SIGN_STYLE = Automatic;
				INFOPLIST_FILE = "Three Photos/Info.plist";
				LD_RUNPATH_SEARCH_PATHS = (
					"$(inherited)",
					"@executable_path/Frameworks",
				);
				PRODUCT_BUNDLE_IDENTIFIER = "com.example.Three-Photos";
				PRODUCT_NAME = "$(TARGET_NAME)";
				SWIFT_VERSION = 4.0;
				TARGETED_DEVICE_FAMILY = "1,2";
			};
			name = Release;
		};
		ABC5C44C216FEE2B00AEF544 /* Debug */ = {
			isa = XCBuildConfiguration;
			buildSettings = {
				ALWAYS_EMBED_SWIFT_STANDARD_LIBRARIES = YES;
				BUNDLE_LOADER = "$(TEST_HOST)";
				CODE_SIGN_STYLE = Automatic;
				INFOPLIST_FILE = "Three PhotosTests/Info.plist";
				LD_RUNPATH_SEARCH_PATHS = (
					"$(inherited)",
					"@executable_path/Frameworks",
					"@loader_path/Frameworks",
				);
				PRODUCT_BUNDLE_IDENTIFIER = "com.example.Three-PhotosTests";
				PRODUCT_NAME = "$(TARGET_NAME)";
				SWIFT_VERSION = 4.0;
				TARGETED_DEVICE_FAMILY = "1,2";
				TEST_HOST = "$(BUILT_PRODUCTS_DIR)/Three Photos.app/Three Photos";
			};
			name = Debug;
		};
		ABC5C44D216FEE2B00AEF544 /* Release */ = {
			isa = XCBuildConfiguration;
			buildSettings = {
				ALWAYS_EMBED_SWIFT_STANDARD_LIBRARIES = YES;
				BUNDLE_LOADER = "$(TEST_HOST)";
				CODE_SIGN_STYLE = Automatic;
				INFOPLIST_FILE = "Three PhotosTests/Info.plist";
				LD_RUNPATH_SEARCH_PATHS = (
					"$(inherited)",
					"@executable_path/Frameworks",
					"@loader_path/Frameworks",
				);
				PRODUCT_BUNDLE_IDENTIFIER = "com.example.Three-PhotosTests";
				PRODUCT_NAME = "$(TARGET_NAME)";
				SWIFT_VERSION = 4.0;
				TARGETED_DEVICE_FAMILY = "1,2";
				TEST_HOST = "$(BUILT_PRODUCTS_DIR)/Three Photos.app/Three Photos";
			};
			name = Release;
		};
		ABC5C44F216FEE2B00AEF544 /* Debug */ = {
			isa = XCBuildConfiguration;
			buildSettings = {
				ALWAYS_EMBED_SWIFT_STANDARD_LIBRARIES = YES;
				CODE_SIGN_STYLE = Automatic;
				INFOPLIST_FILE = "Three PhotosUITests/Info.plist";
				LD_RUNPATH_SEARCH_PATHS = (
					"$(inherited)",
					"@executable_path/Frameworks",
					"@loader_path/Frameworks",
				);
				PRODUCT_BUNDLE_IDENTIFIER = "com.example.Three-PhotosUITests";
				PRODUCT_NAME = "$(TARGET_NAME)";
				SWIFT_VERSION = 4.0;
				TARGETED_DEVICE_FAMILY = "1,2";
				TEST_TARGET_NAME = "Three Photos";
			};
			name = Debug;
		};
		ABC5C450216FEE2B00AEF544 /* Release */ = {
			isa = XCBuildConfiguration;
			buildSettings = {
				ALWAYS_EMBED_SWIFT_STANDARD_LIBRARIES = YES;
				CODE_SIGN_STYLE = Automatic;
				INFOPLIST_FILE = "Three PhotosUITests/Info.plist";
				LD_RUNPATH_SEARCH_PATHS = (
					"$(inherited)",
					"@executable_path/Frameworks",
					"@loader_path/Frameworks",
				);
				PRODUCT_BUNDLE_IDENTIFIER = "com.example.Three-PhotosUITests";
				PRODUCT_NAME = "$(TARGET_NAME)";
				SWIFT_VERSION = 4.0;
				TARGETED_DEVICE_FAMILY = "1,2";
				TEST_TARGET_NAME = "Three Photos";
			};
			name = Release;
		};
/* End XCBuildConfiguration section */

/* Begin XCConfigurationList section */
		ABC5C41B216FEE2900AEF544 /* Build configuration list for PBXProject "Three Photos" */ = {
			isa = XCConfigurationList;
			buildConfigurations = (
				ABC5C446216FEE2B00AEF544 /* Debug */,
				ABC5C447216FEE2B00AEF544 /* Release */,
			);
			defaultConfigurationIsVisible = 0;
			defaultConfigurationName = Release;
		};
		ABC5C448216FEE2B00AEF544 /* Build configuration list for PBXNativeTarget "Three Photos" */ = {
			isa = XCConfigurationList;
			buildConfigurations = (
				ABC5C449216FEE2B00AEF544 /* Debug */,
				ABC5C44A216FEE2B00AEF544 /* Release */,
			);
			defaultConfigurationIsVisible = 0;
			defaultConfigurationName = Release;
		};
		ABC5C44B216FEE2B00AEF544 /* Build configuration list for PBXNativeTarget "Three PhotosTests" */ = {
			isa = XCConfigurationList;
			buildConfigurations = (
				ABC5C44C216FEE2B00AEF544 /* Debug */,
				ABC5C44D216FEE2B00AEF544 /* Release */,
			);
			defaultConfigurationIsVisible = 0;
			defaultConfigurationName = Release;
		};
		ABC5C44E216FEE2B00AEF544 /* Build configuration list for PBXNativeTarget "Three PhotosUITests" */ = {
			isa = XCConfigurationList;
			buildConfigurations = (
				ABC5C44F216FEE2B00AEF544 /* Debug */,
				ABC5C450216FEE2B00AEF544 /* Release */,
			);
			defaultConfigurationIsVisible = 0;
			defaultConfigurationName = Release;
		};
/* End XCConfigurationList section */
	};
	rootObject = ABC5C418216FEE2900AEF544 /* Project object */;
}
